
Microsoft Visual Studio Solution File, Format Version 12.00
# Visual Studio 14
VisualStudioVersion = 14.0.25420.1
MinimumVisualStudioVersion = 10.0.40219.1
Project("{FAE04EC0-301F-11D3-BF4B-00C04F79EFBC}") = "SrtTextMatcher", "SrtTextMatcher\SrtTextMatcher.csproj", "{83C49EE8-652F-4822-A21A-10569089241E}"
EndProject
Project("{FAE04EC0-301F-11D3-BF4B-00C04F79EFBC}") = "SubtitleMatcher", "SubtitleMatcher\SubtitleMatcher.csproj", "{7EA0A53B-2D29-4343-B5AE-C377029D202E}"
EndProject
Global
	GlobalSection(SolutionConfigurationPlatforms) = preSolution
		Debug|Any CPU = Debug|Any CPU
		Release|Any CPU = Release|Any CPU
	EndGlobalSection
	GlobalSection(ProjectConfigurationPlatforms) = postSolution
		{83C49EE8-652F-4822-A21A-10569089241E}.Debug|Any CPU.ActiveCfg = Debug|Any CPU
		{83C49EE8-652F-4822-A21A-10569089241E}.Debug|Any CPU.Build.0 = Debug|Any CPU
		{83C49EE8-652F-4822-A21A-10569089241E}.Release|Any CPU.ActiveCfg = Release|Any CPU
		{83C49EE8-652F-4822-A21A-10569089241E}.Release|Any CPU.Build.0 = Release|Any CPU
		{7EA0A53B-2D29-4343-B5AE-C377029D202E}.Debug|Any CPU.ActiveCfg = Debug|Any CPU
		{7EA0A53B-2D29-4343-B5AE-C377029D202E}.Debug|Any CPU.Build.0 = Debug|Any CPU
		{7EA0A53B-2D29-4343-B5AE-C377029D202E}.Release|Any CPU.ActiveCfg = Release|Any CPU
		{7EA0A53B-2D29-4343-B5AE-C377029D202E}.Release|Any CPU.Build.0 = Release|Any CPU
	EndGlobalSection
	GlobalSection(SolutionProperties) = preSolution
		HideSolutionNode = FALSE
	EndGlobalSection
EndGlobal
